Microsoft Visual Studio Solution File, Format Version 12.00
# Visual Studio Version 17
VisualStudioVersion = 17.5.2.0
MinimumVisualStudioVersion = 10.0.40219.1
Project("{FAE04EC0-301F-11D3-BF4B-00C04F79EFBC}") = "Checklist.Api", "Checklist.Api\Checklist.Api.csproj", "{7D5CE62B-F97C-8336-55A7-862F9879E247}"
EndProject
Global
	GlobalSection(SolutionConfigurationPlatforms) = preSolution
		Debug|Any CPU = Debug|Any CPU
		Release|Any CPU = Release|Any CPU
	EndGlobalSection
	GlobalSection(ProjectConfigurationPlatforms) = postSolution
		{7D5CE62B-F97C-8336-55A7-862F9879E247}.Debug|Any CPU.ActiveCfg = Debug|Any CPU
		{7D5CE62B-F97C-8336-55A7-862F9879E247}.Debug|Any CPU.Build.0 = Debug|Any CPU
		{7D5CE62B-F97C-8336-55A7-862F9879E247}.Release|Any CPU.ActiveCfg = Release|Any CPU
		{7D5CE62B-F97C-8336-55A7-862F9879E247}.Release|Any CPU.Build.0 = Release|Any CPU
	EndGlobalSection
	GlobalSection(SolutionProperties) = preSolution
		HideSolutionNode = FALSE
	EndGlobalSection
	GlobalSection(ExtensibilityGlobals) = postSolution
		SolutionGuid = {EEB21B61-1106-40BE-B44E-7ECB400F06F7}
	EndGlobalSection
EndGlobal
